Microsoft Visual Studio Solution File, Format Version 11.00
# Visual Studio 2008

Project("{6BA25C1B-DE95-4795-9B51-AD6A1BA85038}") = "EigenprojektTowerDefense", "Assembly-CSharp-firstpass.csproj", "{5D5DF62F-95F3-4787-B91B-A545C45AC7D4}"
EndProject
Project("{6BA25C1B-DE95-4795-9B51-AD6A1BA85038}") = "EigenprojektTowerDefense", "Assembly-CSharp.csproj", "{29982921-AEB8-B0E8-0431-8414A9AD571D}"
EndProject
Project("{6BA25C1B-DE95-4795-9B51-AD6A1BA85038}") = "EigenprojektTowerDefense", "Assembly-CSharp-Editor.csproj", "{3A4DCCA1-EBEC-2E48-0355-374044D6B6D3}"
EndProject
Project("{6BA25C1B-DE95-4795-9B51-AD6A1BA85038}") = "EigenprojektTowerDefense", "Assembly-UnityScript-firstpass.unityproj", "{B4B4821D-AA9D-6087-ABC7-A6D91B99594E}"
EndProject
Project("{6BA25C1B-DE95-4795-9B51-AD6A1BA85038}") = "EigenprojektTowerDefense", "Assembly-UnityScript.unityproj", "{5C4F42E4-A034-FFE9-8950-8AB80E2A7466}"
EndProject
Project("{6BA25C1B-DE95-4795-9B51-AD6A1BA85038}") = "EigenprojektTowerDefense", "Assembly-UnityScript-Editor.unityproj", "{8D21216E-88EB-E74B-F71C-EEA9F1E5A2C6}"
EndProject
Global
	GlobalSection(SolutionConfigurationPlatforms) = preSolution
		Debug|Any CPU = Debug|Any CPU
		Release|Any CPU = Release|Any CPU
	EndGlobalSection
	GlobalSection(ProjectConfigurationPlatforms) = postSolution
		{5D5DF62F-95F3-4787-B91B-A545C45AC7D4}.Debug|Any CPU.ActiveCfg = Debug|Any CPU
		{5D5DF62F-95F3-4787-B91B-A545C45AC7D4}.Debug|Any CPU.Build.0 = Debug|Any CPU
		{5D5DF62F-95F3-4787-B91B-A545C45AC7D4}.Release|Any CPU.ActiveCfg = Release|Any CPU
		{5D5DF62F-95F3-4787-B91B-A545C45AC7D4}.Release|Any CPU.Build.0 = Release|Any CPU
		{29982921-AEB8-B0E8-0431-8414A9AD571D}.Debug|Any CPU.ActiveCfg = Debug|Any CPU
		{29982921-AEB8-B0E8-0431-8414A9AD571D}.Debug|Any CPU.Build.0 = Debug|Any CPU
		{29982921-AEB8-B0E8-0431-8414A9AD571D}.Release|Any CPU.ActiveCfg = Release|Any CPU
		{29982921-AEB8-B0E8-0431-8414A9AD571D}.Release|Any CPU.Build.0 = Release|Any CPU
		{3A4DCCA1-EBEC-2E48-0355-374044D6B6D3}.Debug|Any CPU.ActiveCfg = Debug|Any CPU
		{3A4DCCA1-EBEC-2E48-0355-374044D6B6D3}.Debug|Any CPU.Build.0 = Debug|Any CPU
		{3A4DCCA1-EBEC-2E48-0355-374044D6B6D3}.Release|Any CPU.ActiveCfg = Release|Any CPU
		{3A4DCCA1-EBEC-2E48-0355-374044D6B6D3}.Release|Any CPU.Build.0 = Release|Any CPU
		{B4B4821D-AA9D-6087-ABC7-A6D91B99594E}.Debug|Any CPU.ActiveCfg = Debug|Any CPU
		{B4B4821D-AA9D-6087-ABC7-A6D91B99594E}.Debug|Any CPU.Build.0 = Debug|Any CPU
		{B4B4821D-AA9D-6087-ABC7-A6D91B99594E}.Release|Any CPU.ActiveCfg = Release|Any CPU
		{B4B4821D-AA9D-6087-ABC7-A6D91B99594E}.Release|Any CPU.Build.0 = Release|Any CPU
		{5C4F42E4-A034-FFE9-8950-8AB80E2A7466}.Debug|Any CPU.ActiveCfg = Debug|Any CPU
		{5C4F42E4-A034-FFE9-8950-8AB80E2A7466}.Debug|Any CPU.Build.0 = Debug|Any CPU
		{5C4F42E4-A034-FFE9-8950-8AB80E2A7466}.Release|Any CPU.ActiveCfg = Release|Any CPU
		{5C4F42E4-A034-FFE9-8950-8AB80E2A7466}.Release|Any CPU.Build.0 = Release|Any CPU
		{8D21216E-88EB-E74B-F71C-EEA9F1E5A2C6}.Debug|Any CPU.ActiveCfg = Debug|Any CPU
		{8D21216E-88EB-E74B-F71C-EEA9F1E5A2C6}.Debug|Any CPU.Build.0 = Debug|Any CPU
		{8D21216E-88EB-E74B-F71C-EEA9F1E5A2C6}.Release|Any CPU.ActiveCfg = Release|Any CPU
		{8D21216E-88EB-E74B-F71C-EEA9F1E5A2C6}.Release|Any CPU.Build.0 = Release|Any CPU
	EndGlobalSection
	GlobalSection(SolutionProperties) = preSolution
		HideSolutionNode = FALSE
	EndGlobalSection
																																																																																																																																																																																																																																																																																GlobalSection(MonoDevelopProperties) = preSolution
		StartupItem = Assembly-CSharp.csproj
		Policies = $0
		$0.TextStylePolicy = $1
		$1.inheritsSet = null
		$1.scope = text/x-csharp
		$0.CSharpFormattingPolicy = $2
		$2.inheritsSet = Mono
		$2.inheritsScope = text/x-csharp
		$2.scope = text/x-csharp
		$0.TextStylePolicy = $3
		$3.FileWidth = 120
		$3.TabWidth = 4
		$3.EolMarker = Unix
		$3.inheritsSet = Mono
		$3.inheritsScope = text/plain
		$3.scope = text/plain
	EndGlobalSection

EndGlobal
