Microsoft Visual Studio Solution File, Format Version 11.00
# Visual Studio 2008

Project("{9C74DF64-C958-D1C8-0E4C-57F389E99F1E}") = "PhoneDefense2", "Assembly-CSharp-firstpass.csproj", "{22FFCD5B-1974-6BDC-8724-ABBD60316196}"
EndProject
Project("{9C74DF64-C958-D1C8-0E4C-57F389E99F1E}") = "PhoneDefense2", "Assembly-CSharp.csproj", "{CD4DDC59-0205-84A9-A4AD-E2EB3B38AC84}"
EndProject
Project("{9C74DF64-C958-D1C8-0E4C-57F389E99F1E}") = "PhoneDefense2", "Assembly-CSharp-Editor.csproj", "{0A032558-9655-2D75-8A06-58A29DC09058}"
EndProject
Project("{9C74DF64-C958-D1C8-0E4C-57F389E99F1E}") = "PhoneDefense2", "Assembly-UnityScript-firstpass.unityproj", "{A3B08AD0-2A47-885F-DBBE-876D2C741ADE}"
EndProject
Project("{9C74DF64-C958-D1C8-0E4C-57F389E99F1E}") = "PhoneDefense2", "Assembly-UnityScript.unityproj", "{53E3DB30-745F-1BAB-95B5-4A255CB92A8E}"
EndProject
Global
	GlobalSection(SolutionConfigurationPlatforms) = preSolution
		Debug|Any CPU = Debug|Any CPU
		Release|Any CPU = Release|Any CPU
	EndGlobalSection
	GlobalSection(ProjectConfigurationPlatforms) = postSolution
		{22FFCD5B-1974-6BDC-8724-ABBD60316196}.Debug|Any CPU.ActiveCfg = Debug|Any CPU
		{22FFCD5B-1974-6BDC-8724-ABBD60316196}.Debug|Any CPU.Build.0 = Debug|Any CPU
		{22FFCD5B-1974-6BDC-8724-ABBD60316196}.Release|Any CPU.ActiveCfg = Release|Any CPU
		{22FFCD5B-1974-6BDC-8724-ABBD60316196}.Release|Any CPU.Build.0 = Release|Any CPU
		{CD4DDC59-0205-84A9-A4AD-E2EB3B38AC84}.Debug|Any CPU.ActiveCfg = Debug|Any CPU
		{CD4DDC59-0205-84A9-A4AD-E2EB3B38AC84}.Debug|Any CPU.Build.0 = Debug|Any CPU
		{CD4DDC59-0205-84A9-A4AD-E2EB3B38AC84}.Release|Any CPU.ActiveCfg = Release|Any CPU
		{CD4DDC59-0205-84A9-A4AD-E2EB3B38AC84}.Release|Any CPU.Build.0 = Release|Any CPU
		{0A032558-9655-2D75-8A06-58A29DC09058}.Debug|Any CPU.ActiveCfg = Debug|Any CPU
		{0A032558-9655-2D75-8A06-58A29DC09058}.Debug|Any CPU.Build.0 = Debug|Any CPU
		{0A032558-9655-2D75-8A06-58A29DC09058}.Release|Any CPU.ActiveCfg = Release|Any CPU
		{0A032558-9655-2D75-8A06-58A29DC09058}.Release|Any CPU.Build.0 = Release|Any CPU
		{A3B08AD0-2A47-885F-DBBE-876D2C741ADE}.Debug|Any CPU.ActiveCfg = Debug|Any CPU
		{A3B08AD0-2A47-885F-DBBE-876D2C741ADE}.Debug|Any CPU.Build.0 = Debug|Any CPU
		{A3B08AD0-2A47-885F-DBBE-876D2C741ADE}.Release|Any CPU.ActiveCfg = Release|Any CPU
		{A3B08AD0-2A47-885F-DBBE-876D2C741ADE}.Release|Any CPU.Build.0 = Release|Any CPU
		{53E3DB30-745F-1BAB-95B5-4A255CB92A8E}.Debug|Any CPU.ActiveCfg = Debug|Any CPU
		{53E3DB30-745F-1BAB-95B5-4A255CB92A8E}.Debug|Any CPU.Build.0 = Debug|Any CPU
		{53E3DB30-745F-1BAB-95B5-4A255CB92A8E}.Release|Any CPU.ActiveCfg = Release|Any CPU
		{53E3DB30-745F-1BAB-95B5-4A255CB92A8E}.Release|Any CPU.Build.0 = Release|Any CPU
	EndGlobalSection
	GlobalSection(SolutionProperties) = preSolution
		HideSolutionNode = FALSE
	EndGlobalSection
																				GlobalSection(MonoDevelopProperties) = preSolution
		StartupItem = Assembly-CSharp.csproj
		Policies = $0
		$0.TextStylePolicy = $1
		$1.inheritsSet = null
		$1.scope = text/x-csharp
		$0.CSharpFormattingPolicy = $2
		$2.inheritsSet = Mono
		$2.inheritsScope = text/x-csharp
		$2.scope = text/x-csharp
		$0.TextStylePolicy = $3
		$3.FileWidth = 120
		$3.TabWidth = 4
		$3.EolMarker = Unix
		$3.inheritsSet = Mono
		$3.inheritsScope = text/plain
		$3.scope = text/plain
	EndGlobalSection

EndGlobal
